
Microsoft Visual Studio Solution File, Format Version 12.00
# Visual Studio Version 16
VisualStudioVersion = 16.0.30330.147
MinimumVisualStudioVersion = 10.0.40219.1
Project("{9A19103F-16F7-4668-BE54-9A1E7A4F7556}") = "CountIt", "CountIt\CountIt.csproj", "{F26B5DBF-E99F-484F-92D2-317AD4366CD6}"
EndProject
Project("{9A19103F-16F7-4668-BE54-9A1E7A4F7556}") = "CountIt.App", "CountIt.App\CountIt.App.csproj", "{373C754D-ECA4-420C-AB82-13FF44B2658F}"
EndProject
Project("{9A19103F-16F7-4668-BE54-9A1E7A4F7556}") = "CountIt.Domain", "CountIt.Domain\CountIt.Domain.csproj", "{5D707C87-4655-4407-B618-0FDE2186F0EF}"
EndProject
Project("{FAE04EC0-301F-11D3-BF4B-00C04F79EFBC}") = "CountIt.Tests", "CountIt.Tests\CountIt.Tests.csproj", "{47AEFADE-7C75-4C39-9BCB-F7CAA24CCEE7}"
EndProject
Global
	GlobalSection(SolutionConfigurationPlatforms) = preSolution
		Debug|Any CPU = Debug|Any CPU
		Release|Any CPU = Release|Any CPU
	EndGlobalSection
	GlobalSection(ProjectConfigurationPlatforms) = postSolution
		{F26B5DBF-E99F-484F-92D2-317AD4366CD6}.Debug|Any CPU.ActiveCfg = Debug|Any CPU
		{F26B5DBF-E99F-484F-92D2-317AD4366CD6}.Debug|Any CPU.Build.0 = Debug|Any CPU
		{F26B5DBF-E99F-484F-92D2-317AD4366CD6}.Release|Any CPU.ActiveCfg = Release|Any CPU
		{F26B5DBF-E99F-484F-92D2-317AD4366CD6}.Release|Any CPU.Build.0 = Release|Any CPU
		{373C754D-ECA4-420C-AB82-13FF44B2658F}.Debug|Any CPU.ActiveCfg = Debug|Any CPU
		{373C754D-ECA4-420C-AB82-13FF44B2658F}.Debug|Any CPU.Build.0 = Debug|Any CPU
		{373C754D-ECA4-420C-AB82-13FF44B2658F}.Release|Any CPU.ActiveCfg = Release|Any CPU
		{373C754D-ECA4-420C-AB82-13FF44B2658F}.Release|Any CPU.Build.0 = Release|Any CPU
		{5D707C87-4655-4407-B618-0FDE2186F0EF}.Debug|Any CPU.ActiveCfg = Debug|Any CPU
		{5D707C87-4655-4407-B618-0FDE2186F0EF}.Debug|Any CPU.Build.0 = Debug|Any CPU
		{5D707C87-4655-4407-B618-0FDE2186F0EF}.Release|Any CPU.ActiveCfg = Release|Any CPU
		{5D707C87-4655-4407-B618-0FDE2186F0EF}.Release|Any CPU.Build.0 = Release|Any CPU
		{47AEFADE-7C75-4C39-9BCB-F7CAA24CCEE7}.Debug|Any CPU.ActiveCfg = Debug|Any CPU
		{47AEFADE-7C75-4C39-9BCB-F7CAA24CCEE7}.Debug|Any CPU.Build.0 = Debug|Any CPU
		{47AEFADE-7C75-4C39-9BCB-F7CAA24CCEE7}.Release|Any CPU.ActiveCfg = Release|Any CPU
		{47AEFADE-7C75-4C39-9BCB-F7CAA24CCEE7}.Release|Any CPU.Build.0 = Release|Any CPU
	EndGlobalSection
	GlobalSection(SolutionProperties) = preSolution
		HideSolutionNode = FALSE
	EndGlobalSection
	GlobalSection(ExtensibilityGlobals) = postSolution
		SolutionGuid = {79C92062-24F6-4545-A0F1-B8723B8A46B2}
	EndGlobalSection
EndGlobal
